
Microsoft Visual Studio Solution File, Format Version 12.00
# Visual Studio 15
VisualStudioVersion = 15.0.27703.2035
MinimumVisualStudioVersion = 10.0.40219.1
Project("{FAE04EC0-301F-11D3-BF4B-00C04F79EFBC}") = "PasswordManagement", "PasswordManagement\PasswordManagement.csproj", "{56C0EDB1-9AB2-4077-A5D9-ACF50543F4DC}"
EndProject
Project("{FAE04EC0-301F-11D3-BF4B-00C04F79EFBC}") = "PasswordManagement.Business", "PasswordManagement.Business\PasswordManagement.Business.csproj", "{A565A259-66FF-4647-BCB7-B32252B59F17}"
EndProject
Project("{FAE04EC0-301F-11D3-BF4B-00C04F79EFBC}") = "PasswordManagement.DataAccess", "PasswordManagement.DataAccess\PasswordManagement.DataAccess.csproj", "{B824B006-30B2-4ACE-BE3B-1588C85F02BB}"
EndProject
Global
	GlobalSection(SolutionConfigurationPlatforms) = preSolution
		Debug|Any CPU = Debug|Any CPU
		Release|Any CPU = Release|Any CPU
	EndGlobalSection
	GlobalSection(ProjectConfigurationPlatforms) = postSolution
		{56C0EDB1-9AB2-4077-A5D9-ACF50543F4DC}.Debug|Any CPU.ActiveCfg = Debug|Any CPU
		{56C0EDB1-9AB2-4077-A5D9-ACF50543F4DC}.Debug|Any CPU.Build.0 = Debug|Any CPU
		{56C0EDB1-9AB2-4077-A5D9-ACF50543F4DC}.Release|Any CPU.ActiveCfg = Release|Any CPU
		{56C0EDB1-9AB2-4077-A5D9-ACF50543F4DC}.Release|Any CPU.Build.0 = Release|Any CPU
		{A565A259-66FF-4647-BCB7-B32252B59F17}.Debug|Any CPU.ActiveCfg = Debug|Any CPU
		{A565A259-66FF-4647-BCB7-B32252B59F17}.Debug|Any CPU.Build.0 = Debug|Any CPU
		{A565A259-66FF-4647-BCB7-B32252B59F17}.Release|Any CPU.ActiveCfg = Release|Any CPU
		{A565A259-66FF-4647-BCB7-B32252B59F17}.Release|Any CPU.Build.0 = Release|Any CPU
		{B824B006-30B2-4ACE-BE3B-1588C85F02BB}.Debug|Any CPU.ActiveCfg = Debug|Any CPU
		{B824B006-30B2-4ACE-BE3B-1588C85F02BB}.Debug|Any CPU.Build.0 = Debug|Any CPU
		{B824B006-30B2-4ACE-BE3B-1588C85F02BB}.Release|Any CPU.ActiveCfg = Release|Any CPU
		{B824B006-30B2-4ACE-BE3B-1588C85F02BB}.Release|Any CPU.Build.0 = Release|Any CPU
	EndGlobalSection
	GlobalSection(SolutionProperties) = preSolution
		HideSolutionNode = FALSE
	EndGlobalSection
	GlobalSection(ExtensibilityGlobals) = postSolution
		SolutionGuid = {BB3DE49C-8820-42C5-87E1-B444FCD1BBF7}
	EndGlobalSection
EndGlobal
